
Microsoft Visual Studio Solution File, Format Version 11.00
# Visual Studio 2010
Project("{FAE04EC0-301F-11D3-BF4B-00C04F79EFBC}") = "CRM_AddIn", "CRM_AddIn\CRM_AddIn.csproj", "{239D40CB-05E6-4867-BBED-7E8CF72015D6}"
EndProject
Global
	GlobalSection(SolutionConfigurationPlatforms) = preSolution
		Debug|Any CPU = Debug|Any CPU
		Release|Any CPU = Release|Any CPU
	EndGlobalSection
	GlobalSection(ProjectConfigurationPlatforms) = postSolution
		{239D40CB-05E6-4867-BBED-7E8CF72015D6}.Debug|Any CPU.ActiveCfg = Debug|Any CPU
		{239D40CB-05E6-4867-BBED-7E8CF72015D6}.Debug|Any CPU.Build.0 = Debug|Any CPU
		{239D40CB-05E6-4867-BBED-7E8CF72015D6}.Release|Any CPU.ActiveCfg = Release|Any CPU
		{239D40CB-05E6-4867-BBED-7E8CF72015D6}.Release|Any CPU.Build.0 = Release|Any CPU
	EndGlobalSection
	GlobalSection(SolutionProperties) = preSolution
		HideSolutionNode = FALSE
	EndGlobalSection
EndGlobal
